PODS:
  - BetterSwiftJSBridge (0.1.6)

DEPENDENCIES:
  - BetterSwiftJSBridge (from `../`)

EXTERNAL SOURCES:
  BetterSwiftJSBridge:
    :path: "../"

SPEC CHECKSUMS:
  BetterSwiftJSBridge: 5ff1cebb513b207114aa7931394c611f97b25533

PODFILE CHECKSUM: 1948959283ce9cacba719d2e4d8601396a50a09c

COCOAPODS: 1.5.3
